
Microsoft Visual Studio Solution File, Format Version 10.00
# Visual Studio 2008
Project("{FAE04EC0-301F-11D3-BF4B-00C04F79EFBC}") = "DesignPattern.12Proxy", "DesignPattern.12Proxy\DesignPattern.12Proxy.csproj", "{C1479C99-92B5-437D-A19E-07650D3C0760}"
EndProject
Global
	GlobalSection(SolutionConfigurationPlatforms) = preSolution
		Debug|Any CPU = Debug|Any CPU
		Release|Any CPU = Release|Any CPU
	EndGlobalSection
	GlobalSection(ProjectConfigurationPlatforms) = postSolution
		{C1479C99-92B5-437D-A19E-07650D3C0760}.Debug|Any CPU.ActiveCfg = Debug|Any CPU
		{C1479C99-92B5-437D-A19E-07650D3C0760}.Debug|Any CPU.Build.0 = Debug|Any CPU
		{C1479C99-92B5-437D-A19E-07650D3C0760}.Release|Any CPU.ActiveCfg = Release|Any CPU
		{C1479C99-92B5-437D-A19E-07650D3C0760}.Release|Any CPU.Build.0 = Release|Any CPU
	EndGlobalSection
	GlobalSection(SolutionProperties) = preSolution
		HideSolutionNode = FALSE
	EndGlobalSection
EndGlobal
